
Microsoft Visual Studio Solution File, Format Version 12.00
# Visual Studio Version 17
VisualStudioVersion = 17.9.34616.47
MinimumVisualStudioVersion = 10.0.40219.1
Project("{FAE04EC0-301F-11D3-BF4B-00C04F79EFBC}") = "BlazorDataFormLocalization", "BlazorDataFormLocalization\BlazorDataFormLocalization\BlazorDataFormLocalization.csproj", "{430CB4F3-1794-4D18-973D-726478D18CA4}"
EndProject
Project("{FAE04EC0-301F-11D3-BF4B-00C04F79EFBC}") = "BlazorDataFormLocalization.Client", "BlazorDataFormLocalization\BlazorDataFormLocalization.Client\BlazorDataFormLocalization.Client.csproj", "{D614FB7F-2609-4C7D-A2FA-7C45D5470486}"
EndProject
Global
	GlobalSection(SolutionConfigurationPlatforms) = preSolution
		Debug|Any CPU = Debug|Any CPU
		Release|Any CPU = Release|Any CPU
	EndGlobalSection
	GlobalSection(ProjectConfigurationPlatforms) = postSolution
		{430CB4F3-1794-4D18-973D-726478D18CA4}.Debug|Any CPU.ActiveCfg = Debug|Any CPU
		{430CB4F3-1794-4D18-973D-726478D18CA4}.Debug|Any CPU.Build.0 = Debug|Any CPU
		{430CB4F3-1794-4D18-973D-726478D18CA4}.Release|Any CPU.ActiveCfg = Release|Any CPU
		{430CB4F3-1794-4D18-973D-726478D18CA4}.Release|Any CPU.Build.0 = Release|Any CPU
		{D614FB7F-2609-4C7D-A2FA-7C45D5470486}.Debug|Any CPU.ActiveCfg = Debug|Any CPU
		{D614FB7F-2609-4C7D-A2FA-7C45D5470486}.Debug|Any CPU.Build.0 = Debug|Any CPU
		{D614FB7F-2609-4C7D-A2FA-7C45D5470486}.Release|Any CPU.ActiveCfg = Release|Any CPU
		{D614FB7F-2609-4C7D-A2FA-7C45D5470486}.Release|Any CPU.Build.0 = Release|Any CPU
	EndGlobalSection
	GlobalSection(SolutionProperties) = preSolution
		HideSolutionNode = FALSE
	EndGlobalSection
	GlobalSection(ExtensibilityGlobals) = postSolution
		SolutionGuid = {9D640591-F4ED-4B2F-83B6-AD7C3F233078}
	EndGlobalSection
EndGlobal
